
Microsoft Visual Studio Solution File, Format Version 12.00
# Visual Studio 15
Project("{FAE04EC0-301F-11D3-BF4B-00C04F79EFBC}") = "UnityEngine.TestRunner", "UnityEngine.TestRunner.csproj", "{FAFB627C-3D89-D0DB-11E1-BD3E6EDC227F}"
EndProject
Project("{FAE04EC0-301F-11D3-BF4B-00C04F79EFBC}") = "UnityEngine.UI", "UnityEngine.UI.csproj", "{D2F09227-A800-7A71-6C7F-EBF6042C0AEB}"
EndProject
Project("{FAE04EC0-301F-11D3-BF4B-00C04F79EFBC}") = "Unity.Mathematics", "Unity.Mathematics.csproj", "{A2429BB3-D5A8-5048-36D2-9ECB21A312E1}"
EndProject
Project("{FAE04EC0-301F-11D3-BF4B-00C04F79EFBC}") = "Unity.VisualScripting.State", "Unity.VisualScripting.State.csproj", "{DC052187-E440-C7C7-DD88-51FCBA240CAD}"
EndProject
Project("{FAE04EC0-301F-11D3-BF4B-00C04F79EFBC}") = "Unity.VisualScripting.Core", "Unity.VisualScripting.Core.csproj", "{4E63C913-6050-A0A8-C15E-79159D094594}"
EndProject
Project("{FAE04EC0-301F-11D3-BF4B-00C04F79EFBC}") = "Unity.VisualScripting.Flow", "Unity.VisualScripting.Flow.csproj", "{DEC7A950-9B41-36CF-F80A-5A0BA75FF1E3}"
EndProject
Project("{FAE04EC0-301F-11D3-BF4B-00C04F79EFBC}") = "Assembly-CSharp", "Assembly-CSharp.csproj", "{EC1ED9F6-242A-25C0-FA9A-E848D7E2E0F5}"
EndProject
Project("{FAE04EC0-301F-11D3-BF4B-00C04F79EFBC}") = "Unity.2D.Animation.Runtime", "Unity.2D.Animation.Runtime.csproj", "{862F9B03-D182-685E-EA09-511AA36C07BA}"
EndProject
Project("{FAE04EC0-301F-11D3-BF4B-00C04F79EFBC}") = "Unity.TextMeshPro", "Unity.TextMeshPro.csproj", "{EC3A88A0-1DAF-3723-A092-8294C0438AAB}"
EndProject
Project("{FAE04EC0-301F-11D3-BF4B-00C04F79EFBC}") = "Unity.Timeline", "Unity.Timeline.csproj", "{C1BBE030-853D-C756-803B-390DD4E51C12}"
EndProject
Project("{FAE04EC0-301F-11D3-BF4B-00C04F79EFBC}") = "Unity.2D.SpriteShape.Runtime", "Unity.2D.SpriteShape.Runtime.csproj", "{4553684D-71E8-6E45-F3DB-84B5C7DB6B69}"
EndProject
Project("{FAE04EC0-301F-11D3-BF4B-00C04F79EFBC}") = "Unity.2D.Animation.Triangle.Runtime", "Unity.2D.Animation.Triangle.Runtime.csproj", "{FAAE84AE-AAF0-8DFA-8E7B-2556C7D9BEFC}"
EndProject
Project("{FAE04EC0-301F-11D3-BF4B-00C04F79EFBC}") = "Unity.2D.PixelPerfect", "Unity.2D.PixelPerfect.csproj", "{679BF5B3-A279-38AA-1FA9-980613F4590A}"
EndProject
Project("{FAE04EC0-301F-11D3-BF4B-00C04F79EFBC}") = "Unity.2D.IK.Runtime", "Unity.2D.IK.Runtime.csproj", "{36396147-3D54-B0F7-7090-6F0FF2AC5B49}"
EndProject
Project("{FAE04EC0-301F-11D3-BF4B-00C04F79EFBC}") = "Unity.2D.Common.Runtime", "Unity.2D.Common.Runtime.csproj", "{9C80BB17-3305-3031-3E71-B623FDD72106}"
EndProject
Project("{FAE04EC0-301F-11D3-BF4B-00C04F79EFBC}") = "Unity.InternalAPIEngineBridge.001", "Unity.InternalAPIEngineBridge.001.csproj", "{5EBD4321-421D-689C-9D49-9E43FD8CF342}"
EndProject
Project("{FAE04EC0-301F-11D3-BF4B-00C04F79EFBC}") = "Unity.VisualScripting.Core.Editor", "Unity.VisualScripting.Core.Editor.csproj", "{475391B6-6454-F339-2999-58C2F23BB104}"
EndProject
Project("{FAE04EC0-301F-11D3-BF4B-00C04F79EFBC}") = "Unity.VisualStudio.Editor", "Unity.VisualStudio.Editor.csproj", "{A44E26F9-89B3-07C4-952D-B19A1034D719}"
EndProject
Project("{FAE04EC0-301F-11D3-BF4B-00C04F79EFBC}") = "Unity.Timeline.Editor", "Unity.Timeline.Editor.csproj", "{DFAA444C-7D51-7C18-3C4C-01962BAEC0E4}"
EndProject
Project("{FAE04EC0-301F-11D3-BF4B-00C04F79EFBC}") = "Unity.VisualScripting.State.Editor", "Unity.VisualScripting.State.Editor.csproj", "{4E416144-9BA6-4C47-284C-2432DAD76F63}"
EndProject
Project("{FAE04EC0-301F-11D3-BF4B-00C04F79EFBC}") = "Unity.TextMeshPro.Editor", "Unity.TextMeshPro.Editor.csproj", "{BA79FA1D-0F45-35EA-2BDA-D83A91EC01D1}"
EndProject
Project("{FAE04EC0-301F-11D3-BF4B-00C04F79EFBC}") = "Unity.2D.Animation.Editor", "Unity.2D.Animation.Editor.csproj", "{35BD7851-32DD-59CC-EC2C-9089FD8896AA}"
EndProject
Project("{FAE04EC0-301F-11D3-BF4B-00C04F79EFBC}") = "VSSettingsProvider", "VSSettingsProvider.csproj", "{FA13D754-3A76-E7F7-BE10-6557FDB3B72B}"
EndProject
Project("{FAE04EC0-301F-11D3-BF4B-00C04F79EFBC}") = "Unity.CollabProxy.Editor", "Unity.CollabProxy.Editor.csproj", "{DF17ACD4-4A96-0A6C-BF75-51ADB11C6B57}"
EndProject
Project("{FAE04EC0-301F-11D3-BF4B-00C04F79EFBC}") = "UnityEditor.TestRunner", "UnityEditor.TestRunner.csproj", "{6297C379-A892-6583-6E24-81BFA0E98106}"
EndProject
Project("{FAE04EC0-301F-11D3-BF4B-00C04F79EFBC}") = "Unity.VisualScripting.Flow.Editor", "Unity.VisualScripting.Flow.Editor.csproj", "{CCE00063-A4F7-BA3D-E665-B139AC6FC55D}"
EndProject
Project("{FAE04EC0-301F-11D3-BF4B-00C04F79EFBC}") = "Unity.Rider.Editor", "Unity.Rider.Editor.csproj", "{21E69785-CF51-072E-5A0B-C8AF9924FFDF}"
EndProject
Project("{FAE04EC0-301F-11D3-BF4B-00C04F79EFBC}") = "Unity.2D.Path.Editor", "Unity.2D.Path.Editor.csproj", "{3648528C-8149-FFED-274B-55E43A26308E}"
EndProject
Project("{FAE04EC0-301F-11D3-BF4B-00C04F79EFBC}") = "PsdPlugin", "PsdPlugin.csproj", "{F5E3D106-438A-A857-D6BC-C64B1A280BDF}"
EndProject
Project("{FAE04EC0-301F-11D3-BF4B-00C04F79EFBC}") = "Unity.2D.IK.Editor", "Unity.2D.IK.Editor.csproj", "{6F7E2005-0992-C440-D87C-E97C73BFFDB9}"
EndProject
Project("{FAE04EC0-301F-11D3-BF4B-00C04F79EFBC}") = "Unity.2D.Psdimporter.Editor", "Unity.2D.Psdimporter.Editor.csproj", "{BA984B14-C076-267A-A9D2-00DC0326B77D}"
EndProject
Project("{FAE04EC0-301F-11D3-BF4B-00C04F79EFBC}") = "Unity.2D.SpriteShape.Editor", "Unity.2D.SpriteShape.Editor.csproj", "{969AAEB4-EBF3-640C-AC32-A16DA3E1F68C}"
EndProject
Project("{FAE04EC0-301F-11D3-BF4B-00C04F79EFBC}") = "Unity.2D.Tilemap.Editor", "Unity.2D.Tilemap.Editor.csproj", "{8746D594-C880-0715-2276-6747D3D3F854}"
EndProject
Project("{FAE04EC0-301F-11D3-BF4B-00C04F79EFBC}") = "Unity.2D.PixelPerfect.Editor", "Unity.2D.PixelPerfect.Editor.csproj", "{01A89560-E3F4-424A-C204-92DEA4CB7AD4}"
EndProject
Project("{FAE04EC0-301F-11D3-BF4B-00C04F79EFBC}") = "Unity.VSCode.Editor", "Unity.VSCode.Editor.csproj", "{4423B4D5-7761-623F-ADBE-2E99952F3972}"
EndProject
Project("{FAE04EC0-301F-11D3-BF4B-00C04F79EFBC}") = "Unity.2D.Sprite.Editor", "Unity.2D.Sprite.Editor.csproj", "{AE3F5A87-8871-9617-4D78-940C583F60F0}"
EndProject
Project("{FAE04EC0-301F-11D3-BF4B-00C04F79EFBC}") = "UnityEditor.UI", "UnityEditor.UI.csproj", "{B44E8A95-9062-57AD-3F5E-C25BF47E36A3}"
EndProject
Project("{FAE04EC0-301F-11D3-BF4B-00C04F79EFBC}") = "Unity.Mathematics.Editor", "Unity.Mathematics.Editor.csproj", "{451CC4A3-896B-8F9A-9F16-756985001205}"
EndProject
Project("{FAE04EC0-301F-11D3-BF4B-00C04F79EFBC}") = "Unity.2D.Common.Editor", "Unity.2D.Common.Editor.csproj", "{B3598851-27A6-DD02-6E2C-66BB0AF54AEC}"
EndProject
Project("{FAE04EC0-301F-11D3-BF4B-00C04F79EFBC}") = "Unity.InternalAPIEditorBridge.001", "Unity.InternalAPIEditorBridge.001.csproj", "{76D2DD4F-27DE-08A5-2BCB-5EC5D4C084D9}"
EndProject
Project("{FAE04EC0-301F-11D3-BF4B-00C04F79EFBC}") = "Assembly-CSharp-Editor-firstpass", "Assembly-CSharp-Editor-firstpass.csproj", "{81DCD50A-2648-BF5E-9706-F0D15BA6ABAB}"
EndProject
Project("{FAE04EC0-301F-11D3-BF4B-00C04F79EFBC}") = "UnityEngine.TestRunner", "UnityEngine.TestRunner.Player.csproj", "{D81C5A67-2B5E-A18B-B7FC-4107BDA41DFB}"
EndProject
Project("{FAE04EC0-301F-11D3-BF4B-00C04F79EFBC}") = "UnityEngine.UI", "UnityEngine.UI.Player.csproj", "{46705F0C-CA93-6ABE-958D-F4A2FF548620}"
EndProject
Project("{FAE04EC0-301F-11D3-BF4B-00C04F79EFBC}") = "Unity.Mathematics", "Unity.Mathematics.Player.csproj", "{A8A71ACE-7AA7-65B9-46CB-05746FA7A85F}"
EndProject
Project("{FAE04EC0-301F-11D3-BF4B-00C04F79EFBC}") = "Unity.VisualScripting.State", "Unity.VisualScripting.State.Player.csproj", "{7D7B29A1-49BA-C0EA-9CFC-26EFD191B0D2}"
EndProject
Project("{FAE04EC0-301F-11D3-BF4B-00C04F79EFBC}") = "Unity.VisualScripting.Core", "Unity.VisualScripting.Core.Player.csproj", "{6FD18A1A-B939-5DA8-EFA1-7747F908E6FC}"
EndProject
Project("{FAE04EC0-301F-11D3-BF4B-00C04F79EFBC}") = "Unity.VisualScripting.Flow", "Unity.VisualScripting.Flow.Player.csproj", "{1A0F2D86-2972-8240-DB78-3F162E76F7D1}"
EndProject
Project("{FAE04EC0-301F-11D3-BF4B-00C04F79EFBC}") = "Assembly-CSharp", "Assembly-CSharp.Player.csproj", "{76B3858F-9E73-23B7-39C0-3B08707921A0}"
EndProject
Project("{FAE04EC0-301F-11D3-BF4B-00C04F79EFBC}") = "Unity.2D.Animation.Runtime", "Unity.2D.Animation.Runtime.Player.csproj", "{02BB2CA0-B1DA-2663-E44E-491A28C56AE8}"
EndProject
Project("{FAE04EC0-301F-11D3-BF4B-00C04F79EFBC}") = "Unity.TextMeshPro", "Unity.TextMeshPro.Player.csproj", "{FCAE2D15-85F8-5D10-C7C1-606EC43B9577}"
EndProject
Project("{FAE04EC0-301F-11D3-BF4B-00C04F79EFBC}") = "Unity.Timeline", "Unity.Timeline.Player.csproj", "{7516AFDD-8407-6D25-3B2A-3F635C3D4102}"
EndProject
Project("{FAE04EC0-301F-11D3-BF4B-00C04F79EFBC}") = "Unity.2D.SpriteShape.Runtime", "Unity.2D.SpriteShape.Runtime.Player.csproj", "{47A5E65C-A950-69E5-08AF-B099B2EE84CD}"
EndProject
Project("{FAE04EC0-301F-11D3-BF4B-00C04F79EFBC}") = "Unity.2D.Animation.Triangle.Runtime", "Unity.2D.Animation.Triangle.Runtime.Player.csproj", "{54B302EE-BDD3-4103-F8BD-B04869A161D9}"
EndProject
Project("{FAE04EC0-301F-11D3-BF4B-00C04F79EFBC}") = "Unity.2D.PixelPerfect", "Unity.2D.PixelPerfect.Player.csproj", "{9CCF218C-CEBA-C549-24A6-DA917E7422A3}"
EndProject
Project("{FAE04EC0-301F-11D3-BF4B-00C04F79EFBC}") = "Unity.2D.IK.Runtime", "Unity.2D.IK.Runtime.Player.csproj", "{4820A678-6776-02A7-EF26-2FE18D64C9DF}"
EndProject
Project("{FAE04EC0-301F-11D3-BF4B-00C04F79EFBC}") = "Unity.2D.Common.Runtime", "Unity.2D.Common.Runtime.Player.csproj", "{3F1F32C5-69B9-E009-FA0E-D12689F5152E}"
EndProject
Project("{FAE04EC0-301F-11D3-BF4B-00C04F79EFBC}") = "Unity.InternalAPIEngineBridge.001", "Unity.InternalAPIEngineBridge.001.Player.csproj", "{68857FB3-D90A-ED38-6ACD-052D8C7B1E7F}"
EndProject
Global
	GlobalSection(SolutionConfigurationPlatforms) = preSolution
		Debug|Any CPU = Debug|Any CPU
		Release|Any CPU = Release|Any CPU
	EndGlobalSection
	GlobalSection(ProjectConfigurationPlatforms) = postSolution
		{FAFB627C-3D89-D0DB-11E1-BD3E6EDC227F}.Debug|Any CPU.ActiveCfg = Debug|Any CPU
		{FAFB627C-3D89-D0DB-11E1-BD3E6EDC227F}.Debug|Any CPU.Build.0 = Debug|Any CPU
		{FAFB627C-3D89-D0DB-11E1-BD3E6EDC227F}.Release|Any CPU.ActiveCfg = Release|Any CPU
		{FAFB627C-3D89-D0DB-11E1-BD3E6EDC227F}.Release|Any CPU.Build.0 = Release|Any CPU
		{D2F09227-A800-7A71-6C7F-EBF6042C0AEB}.Debug|Any CPU.ActiveCfg = Debug|Any CPU
		{D2F09227-A800-7A71-6C7F-EBF6042C0AEB}.Debug|Any CPU.Build.0 = Debug|Any CPU
		{D2F09227-A800-7A71-6C7F-EBF6042C0AEB}.Release|Any CPU.ActiveCfg = Release|Any CPU
		{D2F09227-A800-7A71-6C7F-EBF6042C0AEB}.Release|Any CPU.Build.0 = Release|Any CPU
		{A2429BB3-D5A8-5048-36D2-9ECB21A312E1}.Debug|Any CPU.ActiveCfg = Debug|Any CPU
		{A2429BB3-D5A8-5048-36D2-9ECB21A312E1}.Debug|Any CPU.Build.0 = Debug|Any CPU
		{A2429BB3-D5A8-5048-36D2-9ECB21A312E1}.Release|Any CPU.ActiveCfg = Release|Any CPU
		{A2429BB3-D5A8-5048-36D2-9ECB21A312E1}.Release|Any CPU.Build.0 = Release|Any CPU
		{DC052187-E440-C7C7-DD88-51FCBA240CAD}.Debug|Any CPU.ActiveCfg = Debug|Any CPU
		{DC052187-E440-C7C7-DD88-51FCBA240CAD}.Debug|Any CPU.Build.0 = Debug|Any CPU
		{DC052187-E440-C7C7-DD88-51FCBA240CAD}.Release|Any CPU.ActiveCfg = Release|Any CPU
		{DC052187-E440-C7C7-DD88-51FCBA240CAD}.Release|Any CPU.Build.0 = Release|Any CPU
		{4E63C913-6050-A0A8-C15E-79159D094594}.Debug|Any CPU.ActiveCfg = Debug|Any CPU
		{4E63C913-6050-A0A8-C15E-79159D094594}.Debug|Any CPU.Build.0 = Debug|Any CPU
		{4E63C913-6050-A0A8-C15E-79159D094594}.Release|Any CPU.ActiveCfg = Release|Any CPU
		{4E63C913-6050-A0A8-C15E-79159D094594}.Release|Any CPU.Build.0 = Release|Any CPU
		{DEC7A950-9B41-36CF-F80A-5A0BA75FF1E3}.Debug|Any CPU.ActiveCfg = Debug|Any CPU
		{DEC7A950-9B41-36CF-F80A-5A0BA75FF1E3}.Debug|Any CPU.Build.0 = Debug|Any CPU
		{DEC7A950-9B41-36CF-F80A-5A0BA75FF1E3}.Release|Any CPU.ActiveCfg = Release|Any CPU
		{DEC7A950-9B41-36CF-F80A-5A0BA75FF1E3}.Release|Any CPU.Build.0 = Release|Any CPU
		{EC1ED9F6-242A-25C0-FA9A-E848D7E2E0F5}.Debug|Any CPU.ActiveCfg = Debug|Any CPU
		{EC1ED9F6-242A-25C0-FA9A-E848D7E2E0F5}.Debug|Any CPU.Build.0 = Debug|Any CPU
		{EC1ED9F6-242A-25C0-FA9A-E848D7E2E0F5}.Release|Any CPU.ActiveCfg = Release|Any CPU
		{EC1ED9F6-242A-25C0-FA9A-E848D7E2E0F5}.Release|Any CPU.Build.0 = Release|Any CPU
		{862F9B03-D182-685E-EA09-511AA36C07BA}.Debug|Any CPU.ActiveCfg = Debug|Any CPU
		{862F9B03-D182-685E-EA09-511AA36C07BA}.Debug|Any CPU.Build.0 = Debug|Any CPU
		{862F9B03-D182-685E-EA09-511AA36C07BA}.Release|Any CPU.ActiveCfg = Release|Any CPU
		{862F9B03-D182-685E-EA09-511AA36C07BA}.Release|Any CPU.Build.0 = Release|Any CPU
		{EC3A88A0-1DAF-3723-A092-8294C0438AAB}.Debug|Any CPU.ActiveCfg = Debug|Any CPU
		{EC3A88A0-1DAF-3723-A092-8294C0438AAB}.Debug|Any CPU.Build.0 = Debug|Any CPU
		{EC3A88A0-1DAF-3723-A092-8294C0438AAB}.Release|Any CPU.ActiveCfg = Release|Any CPU
		{EC3A88A0-1DAF-3723-A092-8294C0438AAB}.Release|Any CPU.Build.0 = Release|Any CPU
		{C1BBE030-853D-C756-803B-390DD4E51C12}.Debug|Any CPU.ActiveCfg = Debug|Any CPU
		{C1BBE030-853D-C756-803B-390DD4E51C12}.Debug|Any CPU.Build.0 = Debug|Any CPU
		{C1BBE030-853D-C756-803B-390DD4E51C12}.Release|Any CPU.ActiveCfg = Release|Any CPU
		{C1BBE030-853D-C756-803B-390DD4E51C12}.Release|Any CPU.Build.0 = Release|Any CPU
		{4553684D-71E8-6E45-F3DB-84B5C7DB6B69}.Debug|Any CPU.ActiveCfg = Debug|Any CPU
		{4553684D-71E8-6E45-F3DB-84B5C7DB6B69}.Debug|Any CPU.Build.0 = Debug|Any CPU
		{4553684D-71E8-6E45-F3DB-84B5C7DB6B69}.Release|Any CPU.ActiveCfg = Release|Any CPU
		{4553684D-71E8-6E45-F3DB-84B5C7DB6B69}.Release|Any CPU.Build.0 = Release|Any CPU
		{FAAE84AE-AAF0-8DFA-8E7B-2556C7D9BEFC}.Debug|Any CPU.ActiveCfg = Debug|Any CPU
		{FAAE84AE-AAF0-8DFA-8E7B-2556C7D9BEFC}.Debug|Any CPU.Build.0 = Debug|Any CPU
		{FAAE84AE-AAF0-8DFA-8E7B-2556C7D9BEFC}.Release|Any CPU.ActiveCfg = Release|Any CPU
		{FAAE84AE-AAF0-8DFA-8E7B-2556C7D9BEFC}.Release|Any CPU.Build.0 = Release|Any CPU
		{679BF5B3-A279-38AA-1FA9-980613F4590A}.Debug|Any CPU.ActiveCfg = Debug|Any CPU
		{679BF5B3-A279-38AA-1FA9-980613F4590A}.Debug|Any CPU.Build.0 = Debug|Any CPU
		{679BF5B3-A279-38AA-1FA9-980613F4590A}.Release|Any CPU.ActiveCfg = Release|Any CPU
		{679BF5B3-A279-38AA-1FA9-980613F4590A}.Release|Any CPU.Build.0 = Release|Any CPU
		{36396147-3D54-B0F7-7090-6F0FF2AC5B49}.Debug|Any CPU.ActiveCfg = Debug|Any CPU
		{36396147-3D54-B0F7-7090-6F0FF2AC5B49}.Debug|Any CPU.Build.0 = Debug|Any CPU
		{36396147-3D54-B0F7-7090-6F0FF2AC5B49}.Release|Any CPU.ActiveCfg = Release|Any CPU
		{36396147-3D54-B0F7-7090-6F0FF2AC5B49}.Release|Any CPU.Build.0 = Release|Any CPU
		{9C80BB17-3305-3031-3E71-B623FDD72106}.Debug|Any CPU.ActiveCfg = Debug|Any CPU
		{9C80BB17-3305-3031-3E71-B623FDD72106}.Debug|Any CPU.Build.0 = Debug|Any CPU
		{9C80BB17-3305-3031-3E71-B623FDD72106}.Release|Any CPU.ActiveCfg = Release|Any CPU
		{9C80BB17-3305-3031-3E71-B623FDD72106}.Release|Any CPU.Build.0 = Release|Any CPU
		{5EBD4321-421D-689C-9D49-9E43FD8CF342}.Debug|Any CPU.ActiveCfg = Debug|Any CPU
		{5EBD4321-421D-689C-9D49-9E43FD8CF342}.Debug|Any CPU.Build.0 = Debug|Any CPU
		{5EBD4321-421D-689C-9D49-9E43FD8CF342}.Release|Any CPU.ActiveCfg = Release|Any CPU
		{5EBD4321-421D-689C-9D49-9E43FD8CF342}.Release|Any CPU.Build.0 = Release|Any CPU
		{475391B6-6454-F339-2999-58C2F23BB104}.Debug|Any CPU.ActiveCfg = Debug|Any CPU
		{475391B6-6454-F339-2999-58C2F23BB104}.Debug|Any CPU.Build.0 = Debug|Any CPU
		{475391B6-6454-F339-2999-58C2F23BB104}.Release|Any CPU.ActiveCfg = Release|Any CPU
		{475391B6-6454-F339-2999-58C2F23BB104}.Release|Any CPU.Build.0 = Release|Any CPU
		{A44E26F9-89B3-07C4-952D-B19A1034D719}.Debug|Any CPU.ActiveCfg = Debug|Any CPU
		{A44E26F9-89B3-07C4-952D-B19A1034D719}.Debug|Any CPU.Build.0 = Debug|Any CPU
		{A44E26F9-89B3-07C4-952D-B19A1034D719}.Release|Any CPU.ActiveCfg = Release|Any CPU
		{A44E26F9-89B3-07C4-952D-B19A1034D719}.Release|Any CPU.Build.0 = Release|Any CPU
		{DFAA444C-7D51-7C18-3C4C-01962BAEC0E4}.Debug|Any CPU.ActiveCfg = Debug|Any CPU
		{DFAA444C-7D51-7C18-3C4C-01962BAEC0E4}.Debug|Any CPU.Build.0 = Debug|Any CPU
		{DFAA444C-7D51-7C18-3C4C-01962BAEC0E4}.Release|Any CPU.ActiveCfg = Release|Any CPU
		{DFAA444C-7D51-7C18-3C4C-01962BAEC0E4}.Release|Any CPU.Build.0 = Release|Any CPU
		{4E416144-9BA6-4C47-284C-2432DAD76F63}.Debug|Any CPU.ActiveCfg = Debug|Any CPU
		{4E416144-9BA6-4C47-284C-2432DAD76F63}.Debug|Any CPU.Build.0 = Debug|Any CPU
		{4E416144-9BA6-4C47-284C-2432DAD76F63}.Release|Any CPU.ActiveCfg = Release|Any CPU
		{4E416144-9BA6-4C47-284C-2432DAD76F63}.Release|Any CPU.Build.0 = Release|Any CPU
		{BA79FA1D-0F45-35EA-2BDA-D83A91EC01D1}.Debug|Any CPU.ActiveCfg = Debug|Any CPU
		{BA79FA1D-0F45-35EA-2BDA-D83A91EC01D1}.Debug|Any CPU.Build.0 = Debug|Any CPU
		{BA79FA1D-0F45-35EA-2BDA-D83A91EC01D1}.Release|Any CPU.ActiveCfg = Release|Any CPU
		{BA79FA1D-0F45-35EA-2BDA-D83A91EC01D1}.Release|Any CPU.Build.0 = Release|Any CPU
		{35BD7851-32DD-59CC-EC2C-9089FD8896AA}.Debug|Any CPU.ActiveCfg = Debug|Any CPU
		{35BD7851-32DD-59CC-EC2C-9089FD8896AA}.Debug|Any CPU.Build.0 = Debug|Any CPU
		{35BD7851-32DD-59CC-EC2C-9089FD8896AA}.Release|Any CPU.ActiveCfg = Release|Any CPU
		{35BD7851-32DD-59CC-EC2C-9089FD8896AA}.Release|Any CPU.Build.0 = Release|Any CPU
		{FA13D754-3A76-E7F7-BE10-6557FDB3B72B}.Debug|Any CPU.ActiveCfg = Debug|Any CPU
		{FA13D754-3A76-E7F7-BE10-6557FDB3B72B}.Debug|Any CPU.Build.0 = Debug|Any CPU
		{FA13D754-3A76-E7F7-BE10-6557FDB3B72B}.Release|Any CPU.ActiveCfg = Release|Any CPU
		{FA13D754-3A76-E7F7-BE10-6557FDB3B72B}.Release|Any CPU.Build.0 = Release|Any CPU
		{DF17ACD4-4A96-0A6C-BF75-51ADB11C6B57}.Debug|Any CPU.ActiveCfg = Debug|Any CPU
		{DF17ACD4-4A96-0A6C-BF75-51ADB11C6B57}.Debug|Any CPU.Build.0 = Debug|Any CPU
		{DF17ACD4-4A96-0A6C-BF75-51ADB11C6B57}.Release|Any CPU.ActiveCfg = Release|Any CPU
		{DF17ACD4-4A96-0A6C-BF75-51ADB11C6B57}.Release|Any CPU.Build.0 = Release|Any CPU
		{6297C379-A892-6583-6E24-81BFA0E98106}.Debug|Any CPU.ActiveCfg = Debug|Any CPU
		{6297C379-A892-6583-6E24-81BFA0E98106}.Debug|Any CPU.Build.0 = Debug|Any CPU
		{6297C379-A892-6583-6E24-81BFA0E98106}.Release|Any CPU.ActiveCfg = Release|Any CPU
		{6297C379-A892-6583-6E24-81BFA0E98106}.Release|Any CPU.Build.0 = Release|Any CPU
		{CCE00063-A4F7-BA3D-E665-B139AC6FC55D}.Debug|Any CPU.ActiveCfg = Debug|Any CPU
		{CCE00063-A4F7-BA3D-E665-B139AC6FC55D}.Debug|Any CPU.Build.0 = Debug|Any CPU
		{CCE00063-A4F7-BA3D-E665-B139AC6FC55D}.Release|Any CPU.ActiveCfg = Release|Any CPU
		{CCE00063-A4F7-BA3D-E665-B139AC6FC55D}.Release|Any CPU.Build.0 = Release|Any CPU
		{21E69785-CF51-072E-5A0B-C8AF9924FFDF}.Debug|Any CPU.ActiveCfg = Debug|Any CPU
		{21E69785-CF51-072E-5A0B-C8AF9924FFDF}.Debug|Any CPU.Build.0 = Debug|Any CPU
		{21E69785-CF51-072E-5A0B-C8AF9924FFDF}.Release|Any CPU.ActiveCfg = Release|Any CPU
		{21E69785-CF51-072E-5A0B-C8AF9924FFDF}.Release|Any CPU.Build.0 = Release|Any CPU
		{3648528C-8149-FFED-274B-55E43A26308E}.Debug|Any CPU.ActiveCfg = Debug|Any CPU
		{3648528C-8149-FFED-274B-55E43A26308E}.Debug|Any CPU.Build.0 = Debug|Any CPU
		{3648528C-8149-FFED-274B-55E43A26308E}.Release|Any CPU.ActiveCfg = Release|Any CPU
		{3648528C-8149-FFED-274B-55E43A26308E}.Release|Any CPU.Build.0 = Release|Any CPU
		{F5E3D106-438A-A857-D6BC-C64B1A280BDF}.Debug|Any CPU.ActiveCfg = Debug|Any CPU
		{F5E3D106-438A-A857-D6BC-C64B1A280BDF}.Debug|Any CPU.Build.0 = Debug|Any CPU
		{F5E3D106-438A-A857-D6BC-C64B1A280BDF}.Release|Any CPU.ActiveCfg = Release|Any CPU
		{F5E3D106-438A-A857-D6BC-C64B1A280BDF}.Release|Any CPU.Build.0 = Release|Any CPU
		{6F7E2005-0992-C440-D87C-E97C73BFFDB9}.Debug|Any CPU.ActiveCfg = Debug|Any CPU
		{6F7E2005-0992-C440-D87C-E97C73BFFDB9}.Debug|Any CPU.Build.0 = Debug|Any CPU
		{6F7E2005-0992-C440-D87C-E97C73BFFDB9}.Release|Any CPU.ActiveCfg = Release|Any CPU
		{6F7E2005-0992-C440-D87C-E97C73BFFDB9}.Release|Any CPU.Build.0 = Release|Any CPU
		{BA984B14-C076-267A-A9D2-00DC0326B77D}.Debug|Any CPU.ActiveCfg = Debug|Any CPU
		{BA984B14-C076-267A-A9D2-00DC0326B77D}.Debug|Any CPU.Build.0 = Debug|Any CPU
		{BA984B14-C076-267A-A9D2-00DC0326B77D}.Release|Any CPU.ActiveCfg = Release|Any CPU
		{BA984B14-C076-267A-A9D2-00DC0326B77D}.Release|Any CPU.Build.0 = Release|Any CPU
		{969AAEB4-EBF3-640C-AC32-A16DA3E1F68C}.Debug|Any CPU.ActiveCfg = Debug|Any CPU
		{969AAEB4-EBF3-640C-AC32-A16DA3E1F68C}.Debug|Any CPU.Build.0 = Debug|Any CPU
		{969AAEB4-EBF3-640C-AC32-A16DA3E1F68C}.Release|Any CPU.ActiveCfg = Release|Any CPU
		{969AAEB4-EBF3-640C-AC32-A16DA3E1F68C}.Release|Any CPU.Build.0 = Release|Any CPU
		{8746D594-C880-0715-2276-6747D3D3F854}.Debug|Any CPU.ActiveCfg = Debug|Any CPU
		{8746D594-C880-0715-2276-6747D3D3F854}.Debug|Any CPU.Build.0 = Debug|Any CPU
		{8746D594-C880-0715-2276-6747D3D3F854}.Release|Any CPU.ActiveCfg = Release|Any CPU
		{8746D594-C880-0715-2276-6747D3D3F854}.Release|Any CPU.Build.0 = Release|Any CPU
		{01A89560-E3F4-424A-C204-92DEA4CB7AD4}.Debug|Any CPU.ActiveCfg = Debug|Any CPU
		{01A89560-E3F4-424A-C204-92DEA4CB7AD4}.Debug|Any CPU.Build.0 = Debug|Any CPU
		{01A89560-E3F4-424A-C204-92DEA4CB7AD4}.Release|Any CPU.ActiveCfg = Release|Any CPU
		{01A89560-E3F4-424A-C204-92DEA4CB7AD4}.Release|Any CPU.Build.0 = Release|Any CPU
		{4423B4D5-7761-623F-ADBE-2E99952F3972}.Debug|Any CPU.ActiveCfg = Debug|Any CPU
		{4423B4D5-7761-623F-ADBE-2E99952F3972}.Debug|Any CPU.Build.0 = Debug|Any CPU
		{4423B4D5-7761-623F-ADBE-2E99952F3972}.Release|Any CPU.ActiveCfg = Release|Any CPU
		{4423B4D5-7761-623F-ADBE-2E99952F3972}.Release|Any CPU.Build.0 = Release|Any CPU
		{AE3F5A87-8871-9617-4D78-940C583F60F0}.Debug|Any CPU.ActiveCfg = Debug|Any CPU
		{AE3F5A87-8871-9617-4D78-940C583F60F0}.Debug|Any CPU.Build.0 = Debug|Any CPU
		{AE3F5A87-8871-9617-4D78-940C583F60F0}.Release|Any CPU.ActiveCfg = Release|Any CPU
		{AE3F5A87-8871-9617-4D78-940C583F60F0}.Release|Any CPU.Build.0 = Release|Any CPU
		{B44E8A95-9062-57AD-3F5E-C25BF47E36A3}.Debug|Any CPU.ActiveCfg = Debug|Any CPU
		{B44E8A95-9062-57AD-3F5E-C25BF47E36A3}.Debug|Any CPU.Build.0 = Debug|Any CPU
		{B44E8A95-9062-57AD-3F5E-C25BF47E36A3}.Release|Any CPU.ActiveCfg = Release|Any CPU
		{B44E8A95-9062-57AD-3F5E-C25BF47E36A3}.Release|Any CPU.Build.0 = Release|Any CPU
		{451CC4A3-896B-8F9A-9F16-756985001205}.Debug|Any CPU.ActiveCfg = Debug|Any CPU
		{451CC4A3-896B-8F9A-9F16-756985001205}.Debug|Any CPU.Build.0 = Debug|Any CPU
		{451CC4A3-896B-8F9A-9F16-756985001205}.Release|Any CPU.ActiveCfg = Release|Any CPU
		{451CC4A3-896B-8F9A-9F16-756985001205}.Release|Any CPU.Build.0 = Release|Any CPU
		{B3598851-27A6-DD02-6E2C-66BB0AF54AEC}.Debug|Any CPU.ActiveCfg = Debug|Any CPU
		{B3598851-27A6-DD02-6E2C-66BB0AF54AEC}.Debug|Any CPU.Build.0 = Debug|Any CPU
		{B3598851-27A6-DD02-6E2C-66BB0AF54AEC}.Release|Any CPU.ActiveCfg = Release|Any CPU
		{B3598851-27A6-DD02-6E2C-66BB0AF54AEC}.Release|Any CPU.Build.0 = Release|Any CPU
		{76D2DD4F-27DE-08A5-2BCB-5EC5D4C084D9}.Debug|Any CPU.ActiveCfg = Debug|Any CPU
		{76D2DD4F-27DE-08A5-2BCB-5EC5D4C084D9}.Debug|Any CPU.Build.0 = Debug|Any CPU
		{76D2DD4F-27DE-08A5-2BCB-5EC5D4C084D9}.Release|Any CPU.ActiveCfg = Release|Any CPU
		{76D2DD4F-27DE-08A5-2BCB-5EC5D4C084D9}.Release|Any CPU.Build.0 = Release|Any CPU
		{81DCD50A-2648-BF5E-9706-F0D15BA6ABAB}.Debug|Any CPU.ActiveCfg = Debug|Any CPU
		{81DCD50A-2648-BF5E-9706-F0D15BA6ABAB}.Debug|Any CPU.Build.0 = Debug|Any CPU
		{81DCD50A-2648-BF5E-9706-F0D15BA6ABAB}.Release|Any CPU.ActiveCfg = Release|Any CPU
		{81DCD50A-2648-BF5E-9706-F0D15BA6ABAB}.Release|Any CPU.Build.0 = Release|Any CPU
		{D81C5A67-2B5E-A18B-B7FC-4107BDA41DFB}.Debug|Any CPU.ActiveCfg = Debug|Any CPU
		{D81C5A67-2B5E-A18B-B7FC-4107BDA41DFB}.Debug|Any CPU.Build.0 = Debug|Any CPU
		{D81C5A67-2B5E-A18B-B7FC-4107BDA41DFB}.Release|Any CPU.ActiveCfg = Release|Any CPU
		{D81C5A67-2B5E-A18B-B7FC-4107BDA41DFB}.Release|Any CPU.Build.0 = Release|Any CPU
		{46705F0C-CA93-6ABE-958D-F4A2FF548620}.Debug|Any CPU.ActiveCfg = Debug|Any CPU
		{46705F0C-CA93-6ABE-958D-F4A2FF548620}.Debug|Any CPU.Build.0 = Debug|Any CPU
		{46705F0C-CA93-6ABE-958D-F4A2FF548620}.Release|Any CPU.ActiveCfg = Release|Any CPU
		{46705F0C-CA93-6ABE-958D-F4A2FF548620}.Release|Any CPU.Build.0 = Release|Any CPU
		{A8A71ACE-7AA7-65B9-46CB-05746FA7A85F}.Debug|Any CPU.ActiveCfg = Debug|Any CPU
		{A8A71ACE-7AA7-65B9-46CB-05746FA7A85F}.Debug|Any CPU.Build.0 = Debug|Any CPU
		{A8A71ACE-7AA7-65B9-46CB-05746FA7A85F}.Release|Any CPU.ActiveCfg = Release|Any CPU
		{A8A71ACE-7AA7-65B9-46CB-05746FA7A85F}.Release|Any CPU.Build.0 = Release|Any CPU
		{7D7B29A1-49BA-C0EA-9CFC-26EFD191B0D2}.Debug|Any CPU.ActiveCfg = Debug|Any CPU
		{7D7B29A1-49BA-C0EA-9CFC-26EFD191B0D2}.Debug|Any CPU.Build.0 = Debug|Any CPU
		{7D7B29A1-49BA-C0EA-9CFC-26EFD191B0D2}.Release|Any CPU.ActiveCfg = Release|Any CPU
		{7D7B29A1-49BA-C0EA-9CFC-26EFD191B0D2}.Release|Any CPU.Build.0 = Release|Any CPU
		{6FD18A1A-B939-5DA8-EFA1-7747F908E6FC}.Debug|Any CPU.ActiveCfg = Debug|Any CPU
		{6FD18A1A-B939-5DA8-EFA1-7747F908E6FC}.Debug|Any CPU.Build.0 = Debug|Any CPU
		{6FD18A1A-B939-5DA8-EFA1-7747F908E6FC}.Release|Any CPU.ActiveCfg = Release|Any CPU
		{6FD18A1A-B939-5DA8-EFA1-7747F908E6FC}.Release|Any CPU.Build.0 = Release|Any CPU
		{1A0F2D86-2972-8240-DB78-3F162E76F7D1}.Debug|Any CPU.ActiveCfg = Debug|Any CPU
		{1A0F2D86-2972-8240-DB78-3F162E76F7D1}.Debug|Any CPU.Build.0 = Debug|Any CPU
		{1A0F2D86-2972-8240-DB78-3F162E76F7D1}.Release|Any CPU.ActiveCfg = Release|Any CPU
		{1A0F2D86-2972-8240-DB78-3F162E76F7D1}.Release|Any CPU.Build.0 = Release|Any CPU
		{76B3858F-9E73-23B7-39C0-3B08707921A0}.Debug|Any CPU.ActiveCfg = Debug|Any CPU
		{76B3858F-9E73-23B7-39C0-3B08707921A0}.Debug|Any CPU.Build.0 = Debug|Any CPU
		{76B3858F-9E73-23B7-39C0-3B08707921A0}.Release|Any CPU.ActiveCfg = Release|Any CPU
		{76B3858F-9E73-23B7-39C0-3B08707921A0}.Release|Any CPU.Build.0 = Release|Any CPU
		{02BB2CA0-B1DA-2663-E44E-491A28C56AE8}.Debug|Any CPU.ActiveCfg = Debug|Any CPU
		{02BB2CA0-B1DA-2663-E44E-491A28C56AE8}.Debug|Any CPU.Build.0 = Debug|Any CPU
		{02BB2CA0-B1DA-2663-E44E-491A28C56AE8}.Release|Any CPU.ActiveCfg = Release|Any CPU
		{02BB2CA0-B1DA-2663-E44E-491A28C56AE8}.Release|Any CPU.Build.0 = Release|Any CPU
		{FCAE2D15-85F8-5D10-C7C1-606EC43B9577}.Debug|Any CPU.ActiveCfg = Debug|Any CPU
		{FCAE2D15-85F8-5D10-C7C1-606EC43B9577}.Debug|Any CPU.Build.0 = Debug|Any CPU
		{FCAE2D15-85F8-5D10-C7C1-606EC43B9577}.Release|Any CPU.ActiveCfg = Release|Any CPU
		{FCAE2D15-85F8-5D10-C7C1-606EC43B9577}.Release|Any CPU.Build.0 = Release|Any CPU
		{7516AFDD-8407-6D25-3B2A-3F635C3D4102}.Debug|Any CPU.ActiveCfg = Debug|Any CPU
		{7516AFDD-8407-6D25-3B2A-3F635C3D4102}.Debug|Any CPU.Build.0 = Debug|Any CPU
		{7516AFDD-8407-6D25-3B2A-3F635C3D4102}.Release|Any CPU.ActiveCfg = Release|Any CPU
		{7516AFDD-8407-6D25-3B2A-3F635C3D4102}.Release|Any CPU.Build.0 = Release|Any CPU
		{47A5E65C-A950-69E5-08AF-B099B2EE84CD}.Debug|Any CPU.ActiveCfg = Debug|Any CPU
		{47A5E65C-A950-69E5-08AF-B099B2EE84CD}.Debug|Any CPU.Build.0 = Debug|Any CPU
		{47A5E65C-A950-69E5-08AF-B099B2EE84CD}.Release|Any CPU.ActiveCfg = Release|Any CPU
		{47A5E65C-A950-69E5-08AF-B099B2EE84CD}.Release|Any CPU.Build.0 = Release|Any CPU
		{54B302EE-BDD3-4103-F8BD-B04869A161D9}.Debug|Any CPU.ActiveCfg = Debug|Any CPU
		{54B302EE-BDD3-4103-F8BD-B04869A161D9}.Debug|Any CPU.Build.0 = Debug|Any CPU
		{54B302EE-BDD3-4103-F8BD-B04869A161D9}.Release|Any CPU.ActiveCfg = Release|Any CPU
		{54B302EE-BDD3-4103-F8BD-B04869A161D9}.Release|Any CPU.Build.0 = Release|Any CPU
		{9CCF218C-CEBA-C549-24A6-DA917E7422A3}.Debug|Any CPU.ActiveCfg = Debug|Any CPU
		{9CCF218C-CEBA-C549-24A6-DA917E7422A3}.Debug|Any CPU.Build.0 = Debug|Any CPU
		{9CCF218C-CEBA-C549-24A6-DA917E7422A3}.Release|Any CPU.ActiveCfg = Release|Any CPU
		{9CCF218C-CEBA-C549-24A6-DA917E7422A3}.Release|Any CPU.Build.0 = Release|Any CPU
		{4820A678-6776-02A7-EF26-2FE18D64C9DF}.Debug|Any CPU.ActiveCfg = Debug|Any CPU
		{4820A678-6776-02A7-EF26-2FE18D64C9DF}.Debug|Any CPU.Build.0 = Debug|Any CPU
		{4820A678-6776-02A7-EF26-2FE18D64C9DF}.Release|Any CPU.ActiveCfg = Release|Any CPU
		{4820A678-6776-02A7-EF26-2FE18D64C9DF}.Release|Any CPU.Build.0 = Release|Any CPU
		{3F1F32C5-69B9-E009-FA0E-D12689F5152E}.Debug|Any CPU.ActiveCfg = Debug|Any CPU
		{3F1F32C5-69B9-E009-FA0E-D12689F5152E}.Debug|Any CPU.Build.0 = Debug|Any CPU
		{3F1F32C5-69B9-E009-FA0E-D12689F5152E}.Release|Any CPU.ActiveCfg = Release|Any CPU
		{3F1F32C5-69B9-E009-FA0E-D12689F5152E}.Release|Any CPU.Build.0 = Release|Any CPU
		{68857FB3-D90A-ED38-6ACD-052D8C7B1E7F}.Debug|Any CPU.ActiveCfg = Debug|Any CPU
		{68857FB3-D90A-ED38-6ACD-052D8C7B1E7F}.Debug|Any CPU.Build.0 = Debug|Any CPU
		{68857FB3-D90A-ED38-6ACD-052D8C7B1E7F}.Release|Any CPU.ActiveCfg = Release|Any CPU
		{68857FB3-D90A-ED38-6ACD-052D8C7B1E7F}.Release|Any CPU.Build.0 = Release|Any CPU
	EndGlobalSection
	GlobalSection(SolutionProperties) = preSolution
		HideSolutionNode = FALSE
	EndGlobalSection
EndGlobal
