
Microsoft Visual Studio Solution File, Format Version 12.00
# Visual Studio 15
Project("{FAE04EC0-301F-11D3-BF4B-00C04F79EFBC}") = "Assembly-CSharp", "Assembly-CSharp.csproj", "{EC1ED9F6-242A-25C0-FA9A-E848D7E2E0F5}"
EndProject
Project("{FAE04EC0-301F-11D3-BF4B-00C04F79EFBC}") = "Assembly-CSharp-Editor-firstpass", "Assembly-CSharp-Editor-firstpass.csproj", "{81DCD50A-2648-BF5E-9706-F0D15BA6ABAB}"
EndProject
Project("{FAE04EC0-301F-11D3-BF4B-00C04F79EFBC}") = "Assembly-CSharp", "Assembly-CSharp.Player.csproj", "{76B3858F-9E73-23B7-39C0-3B08707921A0}"
EndProject
Global
	GlobalSection(SolutionConfigurationPlatforms) = preSolution
		Debug|Any CPU = Debug|Any CPU
		Release|Any CPU = Release|Any CPU
	EndGlobalSection
	GlobalSection(ProjectConfigurationPlatforms) = postSolution
		{EC1ED9F6-242A-25C0-FA9A-E848D7E2E0F5}.Debug|Any CPU.ActiveCfg = Debug|Any CPU
		{EC1ED9F6-242A-25C0-FA9A-E848D7E2E0F5}.Debug|Any CPU.Build.0 = Debug|Any CPU
		{EC1ED9F6-242A-25C0-FA9A-E848D7E2E0F5}.Release|Any CPU.ActiveCfg = Release|Any CPU
		{EC1ED9F6-242A-25C0-FA9A-E848D7E2E0F5}.Release|Any CPU.Build.0 = Release|Any CPU
		{81DCD50A-2648-BF5E-9706-F0D15BA6ABAB}.Debug|Any CPU.ActiveCfg = Debug|Any CPU
		{81DCD50A-2648-BF5E-9706-F0D15BA6ABAB}.Debug|Any CPU.Build.0 = Debug|Any CPU
		{81DCD50A-2648-BF5E-9706-F0D15BA6ABAB}.Release|Any CPU.ActiveCfg = Release|Any CPU
		{81DCD50A-2648-BF5E-9706-F0D15BA6ABAB}.Release|Any CPU.Build.0 = Release|Any CPU
		{76B3858F-9E73-23B7-39C0-3B08707921A0}.Debug|Any CPU.ActiveCfg = Debug|Any CPU
		{76B3858F-9E73-23B7-39C0-3B08707921A0}.Debug|Any CPU.Build.0 = Debug|Any CPU
		{76B3858F-9E73-23B7-39C0-3B08707921A0}.Release|Any CPU.ActiveCfg = Release|Any CPU
		{76B3858F-9E73-23B7-39C0-3B08707921A0}.Release|Any CPU.Build.0 = Release|Any CPU
	EndGlobalSection
	GlobalSection(SolutionProperties) = preSolution
		HideSolutionNode = FALSE
	EndGlobalSection
EndGlobal
